
Microsoft Visual Studio Solution File, Format Version 12.00
# Visual Studio Version 17
VisualStudioVersion = 17.14.36301.6
MinimumVisualStudioVersion = 10.0.40219.1
Project("{FAE04EC0-301F-11D3-BF4B-00C04F79EFBC}") = "CSVToJSONConverter", "CSVToJSONConverter\CSVToJSONConverter.csproj", "{32284138-9391-4F5A-88E1-7EA12EF06331}"
EndProject
Project("{FAE04EC0-301F-11D3-BF4B-00C04F79EFBC}") = "CSVToJSONConverter.Test", "CSVToJSONConverter.Test\CSVToJSONConverter.Test.csproj", "{93FA742D-1AD3-4F18-9A1F-10ACB11F9D20}"
	ProjectSection(ProjectDependencies) = postProject
		{32284138-9391-4F5A-88E1-7EA12EF06331} = {32284138-9391-4F5A-88E1-7EA12EF06331}
	EndProjectSection
EndProject
Global
	GlobalSection(SolutionConfigurationPlatforms) = preSolution
		Debug|Any CPU = Debug|Any CPU
		Release|Any CPU = Release|Any CPU
	EndGlobalSection
	GlobalSection(ProjectConfigurationPlatforms) = postSolution
		{32284138-9391-4F5A-88E1-7EA12EF06331}.Debug|Any CPU.ActiveCfg = Debug|Any CPU
		{32284138-9391-4F5A-88E1-7EA12EF06331}.Debug|Any CPU.Build.0 = Debug|Any CPU
		{32284138-9391-4F5A-88E1-7EA12EF06331}.Release|Any CPU.ActiveCfg = Release|Any CPU
		{32284138-9391-4F5A-88E1-7EA12EF06331}.Release|Any CPU.Build.0 = Release|Any CPU
		{93FA742D-1AD3-4F18-9A1F-10ACB11F9D20}.Debug|Any CPU.ActiveCfg = Debug|Any CPU
		{93FA742D-1AD3-4F18-9A1F-10ACB11F9D20}.Debug|Any CPU.Build.0 = Debug|Any CPU
		{93FA742D-1AD3-4F18-9A1F-10ACB11F9D20}.Release|Any CPU.ActiveCfg = Release|Any CPU
		{93FA742D-1AD3-4F18-9A1F-10ACB11F9D20}.Release|Any CPU.Build.0 = Release|Any CPU
	EndGlobalSection
	GlobalSection(SolutionProperties) = preSolution
		HideSolutionNode = FALSE
	EndGlobalSection
	GlobalSection(ExtensibilityGlobals) = postSolution
		SolutionGuid = {BAD54A13-8C61-40F9-98C1-A52FC9170569}
	EndGlobalSection
EndGlobal
